Microsoft Visual Studio Solution File, Format Version 12.00
# Visual Studio Version 17
VisualStudioVersion = 17.5.2.0
MinimumVisualStudioVersion = 10.0.40219.1
Project("{FAE04EC0-301F-11D3-BF4B-00C04F79EFBC}") = "Realtime Weather Monitoring and Reporting System", "Realtime Weather Monitoring and Reporting System.csproj", "{985D4FBD-8A93-B5AF-D70F-7B9866CBA37C}"
EndProject
Global
	GlobalSection(SolutionConfigurationPlatforms) = preSolution
		Debug|Any CPU = Debug|Any CPU
		Release|Any CPU = Release|Any CPU
	EndGlobalSection
	GlobalSection(ProjectConfigurationPlatforms) = postSolution
		{985D4FBD-8A93-B5AF-D70F-7B9866CBA37C}.Debug|Any CPU.ActiveCfg = Debug|Any CPU
		{985D4FBD-8A93-B5AF-D70F-7B9866CBA37C}.Debug|Any CPU.Build.0 = Debug|Any CPU
		{985D4FBD-8A93-B5AF-D70F-7B9866CBA37C}.Release|Any CPU.ActiveCfg = Release|Any CPU
		{985D4FBD-8A93-B5AF-D70F-7B9866CBA37C}.Release|Any CPU.Build.0 = Release|Any CPU
	EndGlobalSection
	GlobalSection(SolutionProperties) = preSolution
		HideSolutionNode = FALSE
	EndGlobalSection
	GlobalSection(ExtensibilityGlobals) = postSolution
		SolutionGuid = {F810EF12-57FC-4632-A292-284CB63D6400}
	EndGlobalSection
EndGlobal
